// !$*UTF8*$!
{
	archiveVersion = 1;
	classes = {
	};
	objectVersion = 56;
	objects = {

/* Begin PBXBuildFile section */
		27C6C6CD29D0DF0A0064A56B /* NetworkManager.swift in Sources */ = {isa = PBXBuildFile; fileRef = 27C6C6CC29D0DF0A0064A56B /* NetworkManager.swift */; };
		27C6C6D029D0DF5C0064A56B /* Post.swift in Sources */ = {isa = PBXBuildFile; fileRef = 27C6C6CF29D0DF5C0064A56B /* Post.swift */; };
		27C6C6D229D0DF6D0064A56B /* Comment.swift in Sources */ = {isa = PBXBuildFile; fileRef = 27C6C6D129D0DF6D0064A56B /* Comment.swift */; };
		27C6C6D429D0DF870064A56B /* PostsResponse.swift in Sources */ = {isa = PBXBuildFile; fileRef = 27C6C6D329D0DF870064A56B /* PostsResponse.swift */; };
		27C6C6DA29D0DFFA0064A56B /* PostManager.swift in Sources */ = {isa = PBXBuildFile; fileRef = 27C6C6D929D0DFFA0064A56B /* PostManager.swift */; };
		27C6C6DD29D0E0390064A56B /* ErrorView.swift in Sources */ = {isa = PBXBuildFile; fileRef = 27C6C6DC29D0E0390064A56B /* ErrorView.swift */; };
		27C6C6DF29D0E0680064A56B /* CommentsView.swift in Sources */ = {isa = PBXBuildFile; fileRef = 27C6C6DE29D0E0680064A56B /* CommentsView.swift */; };
		27C6C6E129D0E0980064A56B /* PostDetailView.swift in Sources */ = {isa = PBXBuildFile; fileRef = 27C6C6E029D0E0980064A56B /* PostDetailView.swift */; };
		27C6C6E329D0E0BD0064A56B /* PostRowView.swift in Sources */ = {isa = PBXBuildFile; fileRef = 27C6C6E229D0E0BD0064A56B /* PostRowView.swift */; };
		27C6C6E629D0E0E00064A56B /* PostState.swift in Sources */ = {isa = PBXBuildFile; fileRef = 27C6C6E529D0E0E00064A56B /* PostState.swift */; };
		27C6C6E829D0E0F60064A56B /* PostListView.swift in Sources */ = {isa = PBXBuildFile; fileRef = 27C6C6E729D0E0F60064A56B /* PostListView.swift */; };
		646089C029CE4D32004C03E5 /* ChatMessageWithCommentsApp.swift in Sources */ = {isa = PBXBuildFile; fileRef = 646089BF29CE4D32004C03E5 /* ChatMessageWithCommentsApp.swift */; };
		646089C229CE4D32004C03E5 /* ContentView.swift in Sources */ = {isa = PBXBuildFile; fileRef = 646089C129CE4D32004C03E5 /* ContentView.swift */; };
		646089C429CE4D34004C03E5 /* Assets.xcassets in Resources */ = {isa = PBXBuildFile; fileRef = 646089C329CE4D34004C03E5 /* Assets.xcassets */; };
		646089C729CE4D34004C03E5 /* Preview Assets.xcassets in Resources */ = {isa = PBXBuildFile; fileRef = 646089C629CE4D34004C03E5 /* Preview Assets.xcassets */; };
/* End PBXBuildFile section */

/* Begin PBXFileReference section */
		27C6C6CC29D0DF0A0064A56B /* NetworkManager.swift */ = {isa = PBXFileReference; lastKnownFileType = sourcecode.swift; path = NetworkManager.swift; sourceTree = "<group>"; };
		27C6C6CF29D0DF5C0064A56B /* Post.swift */ = {isa = PBXFileReference; lastKnownFileType = sourcecode.swift; path = Post.swift; sourceTree = "<group>"; };
		27C6C6D129D0DF6D0064A56B /* Comment.swift */ = {isa = PBXFileReference; lastKnownFileType = sourcecode.swift; path = Comment.swift; sourceTree = "<group>"; };
		27C6C6D329D0DF870064A56B /* PostsResponse.swift */ = {isa = PBXFileReference; lastKnownFileType = sourcecode.swift; path = PostsResponse.swift; sourceTree = "<group>"; };
		27C6C6D929D0DFFA0064A56B /* PostManager.swift */ = {isa = PBXFileReference; lastKnownFileType = sourcecode.swift; path = PostManager.swift; sourceTree = "<group>"; };
		27C6C6DC29D0E0390064A56B /* ErrorView.swift */ = {isa = PBXFileReference; lastKnownFileType = sourcecode.swift; path = ErrorView.swift; sourceTree = "<group>"; };
		27C6C6DE29D0E0680064A56B /* CommentsView.swift */ = {isa = PBXFileReference; lastKnownFileType = sourcecode.swift; path = CommentsView.swift; sourceTree = "<group>"; };
		27C6C6E029D0E0980064A56B /* PostDetailView.swift */ = {isa = PBXFileReference; lastKnownFileType = sourcecode.swift; path = PostDetailView.swift; sourceTree = "<group>"; };
		27C6C6E229D0E0BD0064A56B /* PostRowView.swift */ = {isa = PBXFileReference; lastKnownFileType = sourcecode.swift; path = PostRowView.swift; sourceTree = "<group>"; };
		27C6C6E529D0E0E00064A56B /* PostState.swift */ = {isa = PBXFileReference; lastKnownFileType = sourcecode.swift; path = PostState.swift; sourceTree = "<group>"; };
		27C6C6E729D0E0F60064A56B /* PostListView.swift */ = {isa = PBXFileReference; lastKnownFileType = sourcecode.swift; path = PostListView.swift; sourceTree = "<group>"; };
		646089BC29CE4D32004C03E5 /* ChatMessageWithComments.app */ = {isa = PBXFileReference; explicitFileType = wrapper.application; includeInIndex = 0; path = ChatMessageWithComments.app; sourceTree = BUILT_PRODUCTS_DIR; };
		646089BF29CE4D32004C03E5 /* ChatMessageWithCommentsApp.swift */ = {isa = PBXFileReference; lastKnownFileType = sourcecode.swift; path = ChatMessageWithCommentsApp.swift; sourceTree = "<group>"; };
		646089C129CE4D32004C03E5 /* ContentView.swift */ = {isa = PBXFileReference; lastKnownFileType = sourcecode.swift; path = ContentView.swift; sourceTree = "<group>"; };
		646089C329CE4D34004C03E5 /* Assets.xcassets */ = {isa = PBXFileReference; lastKnownFileType = folder.assetcatalog; path = Assets.xcassets; sourceTree = "<group>"; };
		646089C629CE4D34004C03E5 /* Preview Assets.xcassets */ = {isa = PBXFileReference; lastKnownFileType = folder.assetcatalog; path = "Preview Assets.xcassets"; sourceTree = "<group>"; };
/* End PBXFileReference section */

/* Begin PBXFrameworksBuildPhase section */
		646089B929CE4D32004C03E5 /* Frameworks */ = {
			isa = PBXFrameworksBuildPhase;
			buildActionMask = 2147483647;
			files = (
			);
			runOnlyForDeploymentPostprocessing = 0;
		};
/* End PBXFrameworksBuildPhase section */

/* Begin PBXGroup section */
		27C6C6CB29D0DEF80064A56B /* Networking */ = {
			isa = PBXGroup;
			children = (
				27C6C6CC29D0DF0A0064A56B /* NetworkManager.swift */,
			);
			path = Networking;
			sourceTree = "<group>";
		};
		27C6C6CE29D0DF4C0064A56B /* Models */ = {
			isa = PBXGroup;
			children = (
				27C6C6CF29D0DF5C0064A56B /* Post.swift */,
				27C6C6D129D0DF6D0064A56B /* Comment.swift */,
				27C6C6D329D0DF870064A56B /* PostsResponse.swift */,
			);
			path = Models;
			sourceTree = "<group>";
		};
		27C6C6D829D0DFE80064A56B /* Subsystems */ = {
			isa = PBXGroup;
			children = (
				27C6C6D929D0DFFA0064A56B /* PostManager.swift */,
			);
			path = Subsystems;
			sourceTree = "<group>";
		};
		27C6C6DB29D0E02E0064A56B /* Views */ = {
			isa = PBXGroup;
			children = (
				646089C129CE4D32004C03E5 /* ContentView.swift */,
				27C6C6DC29D0E0390064A56B /* ErrorView.swift */,
				27C6C6DE29D0E0680064A56B /* CommentsView.swift */,
				27C6C6E029D0E0980064A56B /* PostDetailView.swift */,
				27C6C6E229D0E0BD0064A56B /* PostRowView.swift */,
				27C6C6E729D0E0F60064A56B /* PostListView.swift */,
			);
			path = Views;
			sourceTree = "<group>";
		};
		27C6C6E429D0E0D60064A56B /* State */ = {
			isa = PBXGroup;
			children = (
				27C6C6E529D0E0E00064A56B /* PostState.swift */,
			);
			path = State;
			sourceTree = "<group>";
		};
		646089B329CE4D32004C03E5 = {
			isa = PBXGroup;
			children = (
				646089BE29CE4D32004C03E5 /* ChatMessageWithComments */,
				646089BD29CE4D32004C03E5 /* Products */,
			);
			sourceTree = "<group>";
		};
		646089BD29CE4D32004C03E5 /* Products */ = {
			isa = PBXGroup;
			children = (
				646089BC29CE4D32004C03E5 /* ChatMessageWithComments.app */,
			);
			name = Products;
			sourceTree = "<group>";
		};
		646089BE29CE4D32004C03E5 /* ChatMessageWithComments */ = {
			isa = PBXGroup;
			children = (
				27C6C6E429D0E0D60064A56B /* State */,
				27C6C6DB29D0E02E0064A56B /* Views */,
				27C6C6D829D0DFE80064A56B /* Subsystems */,
				27C6C6CE29D0DF4C0064A56B /* Models */,
				27C6C6CB29D0DEF80064A56B /* Networking */,
				646089BF29CE4D32004C03E5 /* ChatMessageWithCommentsApp.swift */,
				646089C329CE4D34004C03E5 /* Assets.xcassets */,
				646089C529CE4D34004C03E5 /* Preview Content */,
			);
			path = ChatMessageWithComments;
			sourceTree = "<group>";
		};
		646089C529CE4D34004C03E5 /* Preview Content */ = {
			isa = PBXGroup;
			children = (
				646089C629CE4D34004C03E5 /* Preview Assets.xcassets */,
			);
			path = "Preview Content";
			sourceTree = "<group>";
		};
/* End PBXGroup section */

/* Begin PBXNativeTarget section */
		646089BB29CE4D32004C03E5 /* ChatMessageWithComments */ = {
			isa = PBXNativeTarget;
			buildConfigurationList = 646089CA29CE4D34004C03E5 /* Build configuration list for PBXNativeTarget "ChatMessageWithComments" */;
			buildPhases = (
				646089B829CE4D32004C03E5 /* Sources */,
				646089B929CE4D32004C03E5 /* Frameworks */,
				646089BA29CE4D32004C03E5 /* Resources */,
			);
			buildRules = (
			);
			dependencies = (
			);
			name = ChatMessageWithComments;
			packageProductDependencies = (
			);
			productName = ChatMessageWithComments;
			productReference = 646089BC29CE4D32004C03E5 /* ChatMessageWithComments.app */;
			productType = "com.apple.product-type.application";
		};
/* End PBXNativeTarget section */

/* Begin PBXProject section */
		646089B429CE4D32004C03E5 /* Project object */ = {
			isa = PBXProject;
			attributes = {
				BuildIndependentTargetsInParallel = 1;
				LastSwiftUpdateCheck = 1420;
				LastUpgradeCheck = 1420;
				TargetAttributes = {
					646089BB29CE4D32004C03E5 = {
						CreatedOnToolsVersion = 14.2;
					};
				};
			};
			buildConfigurationList = 646089B729CE4D32004C03E5 /* Build configuration list for PBXProject "ChatMessageWithComments" */;
			compatibilityVersion = "Xcode 14.0";
			developmentRegion = en;
			hasScannedForEncodings = 0;
			knownRegions = (
				en,
				Base,
			);
			mainGroup = 646089B329CE4D32004C03E5;
			packageReferences = (
			);
			productRefGroup = 646089BD29CE4D32004C03E5 /* Products */;
			projectDirPath = "";
			projectRoot = "";
			targets = (
				646089BB29CE4D32004C03E5 /* ChatMessageWithComments */,
			);
		};
/* End PBXProject section */

/* Begin PBXResourcesBuildPhase section */
		646089BA29CE4D32004C03E5 /* Resources */ = {
			isa = PBXResourcesBuildPhase;
			buildActionMask = 2147483647;
			files = (
				646089C729CE4D34004C03E5 /* Preview Assets.xcassets in Resources */,
				646089C429CE4D34004C03E5 /* Assets.xcassets in Resources */,
			);
			runOnlyForDeploymentPostprocessing = 0;
		};
/* End PBXResourcesBuildPhase section */

/* Begin PBXSourcesBuildPhase section */
		646089B829CE4D32004C03E5 /* Sources */ = {
			isa = PBXSourcesBuildPhase;
			buildActionMask = 2147483647;
			files = (
				27C6C6E129D0E0980064A56B /* PostDetailView.swift in Sources */,
				27C6C6D229D0DF6D0064A56B /* Comment.swift in Sources */,
				27C6C6DA29D0DFFA0064A56B /* PostManager.swift in Sources */,
				27C6C6DF29D0E0680064A56B /* CommentsView.swift in Sources */,
				27C6C6CD29D0DF0A0064A56B /* NetworkManager.swift in Sources */,
				646089C229CE4D32004C03E5 /* ContentView.swift in Sources */,
				27C6C6E829D0E0F60064A56B /* PostListView.swift in Sources */,
				646089C029CE4D32004C03E5 /* ChatMessageWithCommentsApp.swift in Sources */,
				27C6C6D429D0DF870064A56B /* PostsResponse.swift in Sources */,
				27C6C6D029D0DF5C0064A56B /* Post.swift in Sources */,
				27C6C6E629D0E0E00064A56B /* PostState.swift in Sources */,
				27C6C6E329D0E0BD0064A56B /* PostRowView.swift in Sources */,
				27C6C6DD29D0E0390064A56B /* ErrorView.swift in Sources */,
			);
			runOnlyForDeploymentPostprocessing = 0;
		};
/* End PBXSourcesBuildPhase section */

/* Begin XCBuildConfiguration section */
		646089C829CE4D34004C03E5 /* Debug */ = {
			isa = XCBuildConfiguration;
			buildSettings = {
				ALWAYS_SEARCH_USER_PATHS = NO;
				CLANG_ANALYZER_NONNULL = YES;
				CLANG_ANALYZER_NUMBER_OBJECT_CONVERSION = YES_AGGRESSIVE;
				CLANG_CXX_LANGUAGE_STANDARD = "gnu++20";
				CLANG_ENABLE_MODULES = YES;
				CLANG_ENABLE_OBJC_ARC = YES;
				CLANG_ENABLE_OBJC_WEAK = YES;
				CLANG_WARN_BLOCK_CAPTURE_AUTORELEASING = YES;
				CLANG_WARN_BOOL_CONVERSION = YES;
				CLANG_WARN_COMMA = YES;
				CLANG_WARN_CONSTANT_CONVERSION = YES;
				CLANG_WARN_DEPRECATED_OBJC_IMPLEMENTATIONS = YES;
				CLANG_WARN_DIRECT_OBJC_ISA_USAGE = YES_ERROR;
				CLANG_WARN_DOCUMENTATION_COMMENTS = YES;
				CLANG_WARN_EMPTY_BODY = YES;
				CLANG_WARN_ENUM_CONVERSION = YES;
				CLANG_WARN_INFINITE_RECURSION = YES;
				CLANG_WARN_INT_CONVERSION = YES;
				CLANG_WARN_NON_LITERAL_NULL_CONVERSION = YES;
				CLANG_WARN_OBJC_IMPLICIT_RETAIN_SELF = YES;
				CLANG_WARN_OBJC_LITERAL_CONVERSION = YES;
				CLANG_WARN_OBJC_ROOT_CLASS = YES_ERROR;
				CLANG_WARN_QUOTED_INCLUDE_IN_FRAMEWORK_HEADER = YES;
				CLANG_WARN_RANGE_LOOP_ANALYSIS = YES;
				CLANG_WARN_STRICT_PROTOTYPES = YES;
				CLANG_WARN_SUSPICIOUS_MOVE = YES;
				CLANG_WARN_UNGUARDED_AVAILABILITY = YES_AGGRESSIVE;
				CLANG_WARN_UNREACHABLE_CODE = YES;
				CLANG_WARN__DUPLICATE_METHOD_MATCH = YES;
				COPY_PHASE_STRIP = NO;
				DEBUG_INFORMATION_FORMAT = dwarf;
				ENABLE_STRICT_OBJC_MSGSEND = YES;
				ENABLE_TESTABILITY = YES;
				GCC_C_LANGUAGE_STANDARD = gnu11;
				GCC_DYNAMIC_NO_PIC = NO;
				GCC_NO_COMMON_BLOCKS = YES;
				GCC_OPTIMIZATION_LEVEL = 0;
				GCC_PREPROCESSOR_DEFINITIONS = (
					"DEBUG=1",
					"$(inherited)",
				);
				GCC_WARN_64_TO_32_BIT_CONVERSION = YES;
				GCC_WARN_ABOUT_RETURN_TYPE = YES_ERROR;
				GCC_WARN_UNDECLARED_SELECTOR = YES;
				GCC_WARN_UNINITIALIZED_AUTOS = YES_AGGRESSIVE;
				GCC_WARN_UNUSED_FUNCTION = YES;
				GCC_WARN_UNUSED_VARIABLE = YES;
				IPHONEOS_DEPLOYMENT_TARGET = 16.2;
				MTL_ENABLE_DEBUG_INFO = INCLUDE_SOURCE;
				MTL_FAST_MATH = YES;
				ONLY_ACTIVE_ARCH = YES;
				SDKROOT = iphoneos;
				SWIFT_ACTIVE_COMPILATION_CONDITIONS = DEBUG;
				SWIFT_OPTIMIZATION_LEVEL = "-Onone";
			};
			name = Debug;
		};
		646089C929CE4D34004C03E5 /* Release */ = {
			isa = XCBuildConfiguration;
			buildSettings = {
				ALWAYS_SEARCH_USER_PATHS = NO;
				CLANG_ANALYZER_NONNULL = YES;
				CLANG_ANALYZER_NUMBER_OBJECT_CONVERSION = YES_AGGRESSIVE;
				CLANG_CXX_LANGUAGE_STANDARD = "gnu++20";
				CLANG_ENABLE_MODULES = YES;
				CLANG_ENABLE_OBJC_ARC = YES;
				CLANG_ENABLE_OBJC_WEAK = YES;
				CLANG_WARN_BLOCK_CAPTURE_AUTORELEASING = YES;
				CLANG_WARN_BOOL_CONVERSION = YES;
				CLANG_WARN_COMMA = YES;
				CLANG_WARN_CONSTANT_CONVERSION = YES;
				CLANG_WARN_DEPRECATED_OBJC_IMPLEMENTATIONS = YES;
				CLANG_WARN_DIRECT_OBJC_ISA_USAGE = YES_ERROR;
				CLANG_WARN_DOCUMENTATION_COMMENTS = YES;
				CLANG_WARN_EMPTY_BODY = YES;
				CLANG_WARN_ENUM_CONVERSION = YES;
				CLANG_WARN_INFINITE_RECURSION = YES;
				CLANG_WARN_INT_CONVERSION = YES;
				CLANG_WARN_NON_LITERAL_NULL_CONVERSION = YES;
				CLANG_WARN_OBJC_IMPLICIT_RETAIN_SELF = YES;
				CLANG_WARN_OBJC_LITERAL_CONVERSION = YES;
				CLANG_WARN_OBJC_ROOT_CLASS = YES_ERROR;
				CLANG_WARN_QUOTED_INCLUDE_IN_FRAMEWORK_HEADER = YES;
				CLANG_WARN_RANGE_LOOP_ANALYSIS = YES;
				CLANG_WARN_STRICT_PROTOTYPES = YES;
				CLANG_WARN_SUSPICIOUS_MOVE = YES;
				CLANG_WARN_UNGUARDED_AVAILABILITY = YES_AGGRESSIVE;
				CLANG_WARN_UNREACHABLE_CODE = YES;
				CLANG_WARN__DUPLICATE_METHOD_MATCH = YES;
				COPY_PHASE_STRIP = NO;
				DEBUG_INFORMATION_FORMAT = "dwarf-with-dsym";
				ENABLE_NS_ASSERTIONS = NO;
				ENABLE_STRICT_OBJC_MSGSEND = YES;
				GCC_C_LANGUAGE_STANDARD = gnu11;
				GCC_NO_COMMON_BLOCKS = YES;
				GCC_WARN_64_TO_32_BIT_CONVERSION = YES;
				GCC_WARN_ABOUT_RETURN_TYPE = YES_ERROR;
				GCC_WARN_UNDECLARED_SELECTOR = YES;
				GCC_WARN_UNINITIALIZED_AUTOS = YES_AGGRESSIVE;
				GCC_WARN_UNUSED_FUNCTION = YES;
				GCC_WARN_UNUSED_VARIABLE = YES;
				IPHONEOS_DEPLOYMENT_TARGET = 16.2;
				MTL_ENABLE_DEBUG_INFO = NO;
				MTL_FAST_MATH = YES;
				SDKROOT = iphoneos;
				SWIFT_COMPILATION_MODE = wholemodule;
				SWIFT_OPTIMIZATION_LEVEL = "-O";
				VALIDATE_PRODUCT = YES;
			};
			name = Release;
		};
		646089CB29CE4D34004C03E5 /* Debug */ = {
			isa = XCBuildConfiguration;
			buildSettings = {
				ASSETCATALOG_COMPILER_APPICON_NAME = AppIcon;
				ASSETCATALOG_COMPILER_GLOBAL_ACCENT_COLOR_NAME = AccentColor;
				CODE_SIGN_STYLE = Automatic;
				CURRENT_PROJECT_VERSION = 1;
				DEVELOPMENT_ASSET_PATHS = "\"ChatMessageWithComments/Preview Content\"";
				DEVELOPMENT_TEAM = FHN8RU94TU;
				ENABLE_PREVIEWS = YES;
				GENERATE_INFOPLIST_FILE = YES;
				INFOPLIST_KEY_UIApplicationSceneManifest_Generation = YES;
				INFOPLIST_KEY_UIApplicationSupportsIndirectInputEvents = YES;
				INFOPLIST_KEY_UILaunchScreen_Generation = YES;
				INFOPLIST_KEY_UISupportedInterfaceOrientations_iPad = "UIInterfaceOrientationPortrait UIInterfaceOrientationPortraitUpsideDown UIInterfaceOrientationLandscapeLeft UIInterfaceOrientationLandscapeRight";
				INFOPLIST_KEY_UISupportedInterfaceOrientations_iPhone = "UIInterfaceOrientationPortrait UIInterfaceOrientationLandscapeLeft UIInterfaceOrientationLandscapeRight";
				LD_RUNPATH_SEARCH_PATHS = (
					"$(inherited)",
					"@executable_path/Frameworks",
				);
				MARKETING_VERSION = 1.0;
				PRODUCT_BUNDLE_IDENTIFIER = swiftui.elements.com.ChatMessageWithComments;
				PRODUCT_NAME = "$(TARGET_NAME)";
				SWIFT_EMIT_LOC_STRINGS = YES;
				SWIFT_VERSION = 5.0;
				TARGETED_DEVICE_FAMILY = "1,2";
			};
			name = Debug;
		};
		646089CC29CE4D34004C03E5 /* Release */ = {
			isa = XCBuildConfiguration;
			buildSettings = {
				ASSETCATALOG_COMPILER_APPICON_NAME = AppIcon;
				ASSETCATALOG_COMPILER_GLOBAL_ACCENT_COLOR_NAME = AccentColor;
				CODE_SIGN_STYLE = Automatic;
				CURRENT_PROJECT_VERSION = 1;
				DEVELOPMENT_ASSET_PATHS = "\"ChatMessageWithComments/Preview Content\"";
				DEVELOPMENT_TEAM = FHN8RU94TU;
				ENABLE_PREVIEWS = YES;
				GENERATE_INFOPLIST_FILE = YES;
				INFOPLIST_KEY_UIApplicationSceneManifest_Generation = YES;
				INFOPLIST_KEY_UIApplicationSupportsIndirectInputEvents = YES;
				INFOPLIST_KEY_UILaunchScreen_Generation = YES;
				INFOPLIST_KEY_UISupportedInterfaceOrientations_iPad = "UIInterfaceOrientationPortrait UIInterfaceOrientationPortraitUpsideDown UIInterfaceOrientationLandscapeLeft UIInterfaceOrientationLandscapeRight";
				INFOPLIST_KEY_UISupportedInterfaceOrientations_iPhone = "UIInterfaceOrientationPortrait UIInterfaceOrientationLandscapeLeft UIInterfaceOrientationLandscapeRight";
				LD_RUNPATH_SEARCH_PATHS = (
					"$(inherited)",
					"@executable_path/Frameworks",
				);
				MARKETING_VERSION = 1.0;
				PRODUCT_BUNDLE_IDENTIFIER = swiftui.elements.com.ChatMessageWithComments;
				PRODUCT_NAME = "$(TARGET_NAME)";
				SWIFT_EMIT_LOC_STRINGS = YES;
				SWIFT_VERSION = 5.0;
				TARGETED_DEVICE_FAMILY = "1,2";
			};
			name = Release;
		};
/* End XCBuildConfiguration section */

/* Begin XCConfigurationList section */
		646089B729CE4D32004C03E5 /* Build configuration list for PBXProject "ChatMessageWithComments" */ = {
			isa = XCConfigurationList;
			buildConfigurations = (
				646089C829CE4D34004C03E5 /* Debug */,
				646089C929CE4D34004C03E5 /* Release */,
			);
			defaultConfigurationIsVisible = 0;
			defaultConfigurationName = Release;
		};
		646089CA29CE4D34004C03E5 /* Build configuration list for PBXNativeTarget "ChatMessageWithComments" */ = {
			isa = XCConfigurationList;
			buildConfigurations = (
				646089CB29CE4D34004C03E5 /* Debug */,
				646089CC29CE4D34004C03E5 /* Release */,
			);
			defaultConfigurationIsVisible = 0;
			defaultConfigurationName = Release;
		};
/* End XCConfigurationList section */
	};
	rootObject = 646089B429CE4D32004C03E5 /* Project object */;
}
